
Microsoft Visual Studio Solution File, Format Version 12.00
# Visual Studio Version 16
VisualStudioVersion = 16.0.30907.101
MinimumVisualStudioVersion = 10.0.40219.1
Project("{9A19103F-16F7-4668-BE54-9A1E7A4F7556}") = "Entities", "Entities\Entities.csproj", "{C0A393DE-4FD7-4189-A5DA-A071C43AA3C6}"
EndProject
Project("{9A19103F-16F7-4668-BE54-9A1E7A4F7556}") = "Business", "Business\Business.csproj", "{19FA321C-E560-4D0C-A62A-5D5506F73353}"
EndProject
Project("{9A19103F-16F7-4668-BE54-9A1E7A4F7556}") = "DataAccess", "DataAccess\DataAccess.csproj", "{8B5895DB-5D4B-42CD-BE30-125C11B2AC5A}"
EndProject
Project("{9A19103F-16F7-4668-BE54-9A1E7A4F7556}") = "ConsoleUI", "ConsoleUI\ConsoleUI.csproj", "{B84A2D3D-F01D-4999-B0F6-2DDDC54BD906}"
EndProject
Project("{FAE04EC0-301F-11D3-BF4B-00C04F79EFBC}") = "Core", "Core\Core.csproj", "{2469BC70-9104-4D68-911D-54EDF06FC77B}"
EndProject
Global
	GlobalSection(SolutionConfigurationPlatforms) = preSolution
		Debug|Any CPU = Debug|Any CPU
		Release|Any CPU = Release|Any CPU
	EndGlobalSection
	GlobalSection(ProjectConfigurationPlatforms) = postSolution
		{C0A393DE-4FD7-4189-A5DA-A071C43AA3C6}.Debug|Any CPU.ActiveCfg = Debug|Any CPU
		{C0A393DE-4FD7-4189-A5DA-A071C43AA3C6}.Debug|Any CPU.Build.0 = Debug|Any CPU
		{C0A393DE-4FD7-4189-A5DA-A071C43AA3C6}.Release|Any CPU.ActiveCfg = Release|Any CPU
		{C0A393DE-4FD7-4189-A5DA-A071C43AA3C6}.Release|Any CPU.Build.0 = Release|Any CPU
		{19FA321C-E560-4D0C-A62A-5D5506F73353}.Debug|Any CPU.ActiveCfg = Debug|Any CPU
		{19FA321C-E560-4D0C-A62A-5D5506F73353}.Debug|Any CPU.Build.0 = Debug|Any CPU
		{19FA321C-E560-4D0C-A62A-5D5506F73353}.Release|Any CPU.ActiveCfg = Release|Any CPU
		{19FA321C-E560-4D0C-A62A-5D5506F73353}.Release|Any CPU.Build.0 = Release|Any CPU
		{8B5895DB-5D4B-42CD-BE30-125C11B2AC5A}.Debug|Any CPU.ActiveCfg = Debug|Any CPU
		{8B5895DB-5D4B-42CD-BE30-125C11B2AC5A}.Debug|Any CPU.Build.0 = Debug|Any CPU
		{8B5895DB-5D4B-42CD-BE30-125C11B2AC5A}.Release|Any CPU.ActiveCfg = Release|Any CPU
		{8B5895DB-5D4B-42CD-BE30-125C11B2AC5A}.Release|Any CPU.Build.0 = Release|Any CPU
		{B84A2D3D-F01D-4999-B0F6-2DDDC54BD906}.Debug|Any CPU.ActiveCfg = Debug|Any CPU
		{B84A2D3D-F01D-4999-B0F6-2DDDC54BD906}.Debug|Any CPU.Build.0 = Debug|Any CPU
		{B84A2D3D-F01D-4999-B0F6-2DDDC54BD906}.Release|Any CPU.ActiveCfg = Release|Any CPU
		{B84A2D3D-F01D-4999-B0F6-2DDDC54BD906}.Release|Any CPU.Build.0 = Release|Any CPU
		{2469BC70-9104-4D68-911D-54EDF06FC77B}.Debug|Any CPU.ActiveCfg = Debug|Any CPU
		{2469BC70-9104-4D68-911D-54EDF06FC77B}.Debug|Any CPU.Build.0 = Debug|Any CPU
		{2469BC70-9104-4D68-911D-54EDF06FC77B}.Release|Any CPU.ActiveCfg = Release|Any CPU
		{2469BC70-9104-4D68-911D-54EDF06FC77B}.Release|Any CPU.Build.0 = Release|Any CPU
	EndGlobalSection
	GlobalSection(SolutionProperties) = preSolution
		HideSolutionNode = FALSE
	EndGlobalSection
	GlobalSection(ExtensibilityGlobals) = postSolution
		SolutionGuid = {CA38BB31-B842-4289-9573-956B18671822}
	EndGlobalSection
EndGlobal
